
Microsoft Visual Studio Solution File, Format Version 12.00
# Visual Studio Version 16
VisualStudioVersion = 16.0.30517.126
MinimumVisualStudioVersion = 10.0.40219.1
Project("{8BC9CEB8-8B4A-11D0-8D11-00A0C91BC942}") = "OpenGLLearning", "OpenGLLearning.vcxproj", "{AF6FBBC4-0ECC-453F-9089-41DB0DC1A89F}"
EndProject
Global
	GlobalSection(SolutionConfigurationPlatforms) = preSolution
		Debug|x64 = Debug|x64
		Debug|x86 = Debug|x86
		Release|x64 = Release|x64
		Release|x86 = Release|x86
	EndGlobalSection
	GlobalSection(ProjectConfigurationPlatforms) = postSolution
		{AF6FBBC4-0ECC-453F-9089-41DB0DC1A89F}.Debug|x64.ActiveCfg = Debug|x64
		{AF6FBBC4-0ECC-453F-9089-41DB0DC1A89F}.Debug|x64.Build.0 = Debug|x64
		{AF6FBBC4-0ECC-453F-9089-41DB0DC1A89F}.Debug|x86.ActiveCfg = Debug|Win32
		{AF6FBBC4-0ECC-453F-9089-41DB0DC1A89F}.Debug|x86.Build.0 = Debug|Win32
		{AF6FBBC4-0ECC-453F-9089-41DB0DC1A89F}.Release|x64.ActiveCfg = Release|x64
		{AF6FBBC4-0ECC-453F-9089-41DB0DC1A89F}.Release|x64.Build.0 = Release|x64
		{AF6FBBC4-0ECC-453F-9089-41DB0DC1A89F}.Release|x86.ActiveCfg = Release|Win32
		{AF6FBBC4-0ECC-453F-9089-41DB0DC1A89F}.Release|x86.Build.0 = Release|Win32
	EndGlobalSection
	GlobalSection(SolutionProperties) = preSolution
		HideSolutionNode = FALSE
	EndGlobalSection
	GlobalSection(ExtensibilityGlobals) = postSolution
		SolutionGuid = {DC1CD02D-171E-489E-89C0-EE74C2332A60}
	EndGlobalSection
EndGlobal
